
Microsoft Visual Studio Solution File, Format Version 12.00
# Visual Studio Version 16
VisualStudioVersion = 16.0.29409.12
MinimumVisualStudioVersion = 10.0.40219.1
Project("{9A19103F-16F7-4668-BE54-9A1E7A4F7556}") = "Gm1KonverterCrossPlatform", "Gm1KonverterCrossPlatform\Gm1KonverterCrossPlatform.csproj", "{E81B1162-5A03-4938-B56D-69B09A912FEC}"
EndProject
Global
	GlobalSection(SolutionConfigurationPlatforms) = preSolution
		Debug|Any CPU = Debug|Any CPU
		Debug|x64 = Debug|x64
		Release|Any CPU = Release|Any CPU
		Release|x64 = Release|x64
	EndGlobalSection
	GlobalSection(ProjectConfigurationPlatforms) = postSolution
		{E81B1162-5A03-4938-B56D-69B09A912FEC}.Debug|Any CPU.ActiveCfg = Debug|Any CPU
		{E81B1162-5A03-4938-B56D-69B09A912FEC}.Debug|Any CPU.Build.0 = Debug|Any CPU
		{E81B1162-5A03-4938-B56D-69B09A912FEC}.Debug|x64.ActiveCfg = Debug|x64
		{E81B1162-5A03-4938-B56D-69B09A912FEC}.Debug|x64.Build.0 = Debug|x64
		{E81B1162-5A03-4938-B56D-69B09A912FEC}.Release|Any CPU.ActiveCfg = Release|Any CPU
		{E81B1162-5A03-4938-B56D-69B09A912FEC}.Release|Any CPU.Build.0 = Release|Any CPU
		{E81B1162-5A03-4938-B56D-69B09A912FEC}.Release|x64.ActiveCfg = Release|x64
		{E81B1162-5A03-4938-B56D-69B09A912FEC}.Release|x64.Build.0 = Release|x64
	EndGlobalSection
	GlobalSection(SolutionProperties) = preSolution
		HideSolutionNode = FALSE
	EndGlobalSection
	GlobalSection(ExtensibilityGlobals) = postSolution
		SolutionGuid = {426271DC-6DAD-4F70-ABD2-C64514F0CB7D}
	EndGlobalSection
EndGlobal
